// !$*UTF8*$!
{
	archiveVersion = 1;
	classes = {
	};
	objectVersion = 55;
	objects = {

/* Begin PBXBuildFile section */
		CF1E09C127D0643B009C5AA6 /* GalleryView.swift in Sources */ = {isa = PBXBuildFile; fileRef = CF1E09C027D0643B009C5AA6 /* GalleryView.swift */; };
		CF1E92DB27C1A29F0019E075 /* MyGroupsController.swift in Sources */ = {isa = PBXBuildFile; fileRef = CF1E92DA27C1A29F0019E075 /* MyGroupsController.swift */; };
		CF1E92DD27C1A55C0019E075 /* Constant.swift in Sources */ = {isa = PBXBuildFile; fileRef = CF1E92DC27C1A55C0019E075 /* Constant.swift */; };
		CF1E92DF27C1B1620019E075 /* Storage.swift in Sources */ = {isa = PBXBuildFile; fileRef = CF1E92DE27C1B1620019E075 /* Storage.swift */; };
		CF1E92E127C291890019E075 /* Friend.swift in Sources */ = {isa = PBXBuildFile; fileRef = CF1E92E027C291890019E075 /* Friend.swift */; };
		CF1E92E427C2925C0019E075 /* FriendsViewController.swift in Sources */ = {isa = PBXBuildFile; fileRef = CF1E92E327C2925C0019E075 /* FriendsViewController.swift */; };
		CF371C9A27BD5A7600A78D92 /* CustomTableViewCell.swift in Sources */ = {isa = PBXBuildFile; fileRef = CF371C9827BD5A7600A78D92 /* CustomTableViewCell.swift */; };
		CF371C9B27BD5A7600A78D92 /* CustomTableViewCell.xib in Resources */ = {isa = PBXBuildFile; fileRef = CF371C9927BD5A7600A78D92 /* CustomTableViewCell.xib */; };
		CF371CA227BD5D1600A78D92 /* Group.swift in Sources */ = {isa = PBXBuildFile; fileRef = CF371CA127BD5D1600A78D92 /* Group.swift */; };
		CF3E902927C30DC80043F310 /* GalleryViewController.swift in Sources */ = {isa = PBXBuildFile; fileRef = CF3E902827C30DC80043F310 /* GalleryViewController.swift */; };
		CF3E902C27C30E770043F310 /* GalleryCollectionViewCell.swift in Sources */ = {isa = PBXBuildFile; fileRef = CF3E902A27C30E770043F310 /* GalleryCollectionViewCell.swift */; };
		CF3E902D27C30E780043F310 /* GalleryCollectionViewCell.xib in Resources */ = {isa = PBXBuildFile; fileRef = CF3E902B27C30E770043F310 /* GalleryCollectionViewCell.xib */; };
		CF6874E027D047E800F45858 /* MyPhotoController.swift in Sources */ = {isa = PBXBuildFile; fileRef = CF6874DF27D047E800F45858 /* MyPhotoController.swift */; };
		CF8EF77727E54EC000E4B416 /* Animator.swift in Sources */ = {isa = PBXBuildFile; fileRef = CF8EF77627E54EC000E4B416 /* Animator.swift */; };
		CF952D4827D0632900C49E54 /* GalleryView.xib in Resources */ = {isa = PBXBuildFile; fileRef = CF952D4727D0632900C49E54 /* GalleryView.xib */; };
		CF9CEDCB27B08DD300116E2A /* AppDelegate.swift in Sources */ = {isa = PBXBuildFile; fileRef = CF9CEDCA27B08DD300116E2A /* AppDelegate.swift */; };
		CF9CEDCD27B08DD300116E2A /* SceneDelegate.swift in Sources */ = {isa = PBXBuildFile; fileRef = CF9CEDCC27B08DD300116E2A /* SceneDelegate.swift */; };
		CF9CEDCF27B08DD300116E2A /* ViewController.swift in Sources */ = {isa = PBXBuildFile; fileRef = CF9CEDCE27B08DD300116E2A /* ViewController.swift */; };
		CF9CEDD227B08DD300116E2A /* Main.storyboard in Resources */ = {isa = PBXBuildFile; fileRef = CF9CEDD027B08DD300116E2A /* Main.storyboard */; };
		CF9CEDD427B08DD600116E2A /* Assets.xcassets in Resources */ = {isa = PBXBuildFile; fileRef = CF9CEDD327B08DD600116E2A /* Assets.xcassets */; };
		CF9CEDD727B08DD600116E2A /* LaunchScreen.storyboard in Resources */ = {isa = PBXBuildFile; fileRef = CF9CEDD527B08DD600116E2A /* LaunchScreen.storyboard */; };
		CFB6209027C7DA2F00EF0C3C /* LikeControl.swift in Sources */ = {isa = PBXBuildFile; fileRef = CFB6208F27C7DA2F00EF0C3C /* LikeControl.swift */; };
		CFB6209227C7DA4D00EF0C3C /* LikeControl.xib in Resources */ = {isa = PBXBuildFile; fileRef = CFB6209127C7DA4D00EF0C3C /* LikeControl.xib */; };
		CFF531AE27BD384C00C17579 /* AllGroupsController.swift in Sources */ = {isa = PBXBuildFile; fileRef = CFF531AD27BD384C00C17579 /* AllGroupsController.swift */; };
/* End PBXBuildFile section */

/* Begin PBXFileReference section */
		CF1E09C027D0643B009C5AA6 /* GalleryView.swift */ = {isa = PBXFileReference; fileEncoding = 4; lastKnownFileType = sourcecode.swift; path = GalleryView.swift; sourceTree = "<group>"; };
		CF1E92DA27C1A29F0019E075 /* MyGroupsController.swift */ = {isa = PBXFileReference; lastKnownFileType = sourcecode.swift; path = MyGroupsController.swift; sourceTree = "<group>"; };
		CF1E92DC27C1A55C0019E075 /* Constant.swift */ = {isa = PBXFileReference; lastKnownFileType = sourcecode.swift; path = Constant.swift; sourceTree = "<group>"; };
		CF1E92DE27C1B1620019E075 /* Storage.swift */ = {isa = PBXFileReference; lastKnownFileType = sourcecode.swift; path = Storage.swift; sourceTree = "<group>"; };
		CF1E92E027C291890019E075 /* Friend.swift */ = {isa = PBXFileReference; lastKnownFileType = sourcecode.swift; path = Friend.swift; sourceTree = "<group>"; };
		CF1E92E327C2925C0019E075 /* FriendsViewController.swift */ = {isa = PBXFileReference; lastKnownFileType = sourcecode.swift; path = FriendsViewController.swift; sourceTree = "<group>"; };
		CF371C9827BD5A7600A78D92 /* CustomTableViewCell.swift */ = {isa = PBXFileReference; fileEncoding = 4; lastKnownFileType = sourcecode.swift; path = CustomTableViewCell.swift; sourceTree = "<group>"; };
		CF371C9927BD5A7600A78D92 /* CustomTableViewCell.xib */ = {isa = PBXFileReference; fileEncoding = 4; lastKnownFileType = file.xib; path = CustomTableViewCell.xib; sourceTree = "<group>"; };
		CF371CA127BD5D1600A78D92 /* Group.swift */ = {isa = PBXFileReference; lastKnownFileType = sourcecode.swift; path = Group.swift; sourceTree = "<group>"; };
		CF3E902827C30DC80043F310 /* GalleryViewController.swift */ = {isa = PBXFileReference; lastKnownFileType = sourcecode.swift; path = GalleryViewController.swift; sourceTree = "<group>"; };
		CF3E902A27C30E770043F310 /* GalleryCollectionViewCell.swift */ = {isa = PBXFileReference; lastKnownFileType = sourcecode.swift; path = GalleryCollectionViewCell.swift; sourceTree = "<group>"; };
		CF3E902B27C30E770043F310 /* GalleryCollectionViewCell.xib */ = {isa = PBXFileReference; lastKnownFileType = file.xib; path = GalleryCollectionViewCell.xib; sourceTree = "<group>"; };
		CF6874DF27D047E800F45858 /* MyPhotoController.swift */ = {isa = PBXFileReference; lastKnownFileType = sourcecode.swift; path = MyPhotoController.swift; sourceTree = "<group>"; };
		CF8EF77627E54EC000E4B416 /* Animator.swift */ = {isa = PBXFileReference; lastKnownFileType = sourcecode.swift; path = Animator.swift; sourceTree = "<group>"; };
		CF952D4727D0632900C49E54 /* GalleryView.xib */ = {isa = PBXFileReference; fileEncoding = 4; lastKnownFileType = file.xib; path = GalleryView.xib; sourceTree = "<group>"; };
		CF9CEDC727B08DD300116E2A /* webinar 2.app */ = {isa = PBXFileReference; explicitFileType = wrapper.application; includeInIndex = 0; path = "webinar 2.app"; sourceTree = BUILT_PRODUCTS_DIR; };
		CF9CEDCA27B08DD300116E2A /* AppDelegate.swift */ = {isa = PBXFileReference; lastKnownFileType = sourcecode.swift; path = AppDelegate.swift; sourceTree = "<group>"; };
		CF9CEDCC27B08DD300116E2A /* SceneDelegate.swift */ = {isa = PBXFileReference; lastKnownFileType = sourcecode.swift; path = SceneDelegate.swift; sourceTree = "<group>"; };
		CF9CEDCE27B08DD300116E2A /* ViewController.swift */ = {isa = PBXFileReference; lastKnownFileType = sourcecode.swift; path = ViewController.swift; sourceTree = "<group>"; };
		CF9CEDD127B08DD300116E2A /* Base */ = {isa = PBXFileReference; lastKnownFileType = file.storyboard; name = Base; path = Base.lproj/Main.storyboard; sourceTree = "<group>"; };
		CF9CEDD327B08DD600116E2A /* Assets.xcassets */ = {isa = PBXFileReference; lastKnownFileType = folder.assetcatalog; path = Assets.xcassets; sourceTree = "<group>"; };
		CF9CEDD627B08DD600116E2A /* Base */ = {isa = PBXFileReference; lastKnownFileType = file.storyboard; name = Base; path = Base.lproj/LaunchScreen.storyboard; sourceTree = "<group>"; };
		CF9CEDD827B08DD600116E2A /* Info.plist */ = {isa = PBXFileReference; lastKnownFileType = text.plist.xml; path = Info.plist; sourceTree = "<group>"; };
		CFB6208F27C7DA2F00EF0C3C /* LikeControl.swift */ = {isa = PBXFileReference; lastKnownFileType = sourcecode.swift; path = LikeControl.swift; sourceTree = "<group>"; };
		CFB6209127C7DA4D00EF0C3C /* LikeControl.xib */ = {isa = PBXFileReference; lastKnownFileType = file.xib; path = LikeControl.xib; sourceTree = "<group>"; };
		CFF531AD27BD384C00C17579 /* AllGroupsController.swift */ = {isa = PBXFileReference; lastKnownFileType = sourcecode.swift; path = AllGroupsController.swift; sourceTree = "<group>"; };
/* End PBXFileReference section */

/* Begin PBXFrameworksBuildPhase section */
		CF9CEDC427B08DD300116E2A /* Frameworks */ = {
			isa = PBXFrameworksBuildPhase;
			buildActionMask = 2147483647;
			files = (
			);
			runOnlyForDeploymentPostprocessing = 0;
		};
/* End PBXFrameworksBuildPhase section */

/* Begin PBXGroup section */
		CF1E92D927C1A20B0019E075 /* MyGroupsController */ = {
			isa = PBXGroup;
			children = (
				CF1E92DA27C1A29F0019E075 /* MyGroupsController.swift */,
			);
			path = MyGroupsController;
			sourceTree = "<group>";
		};
		CF1E92E227C291FF0019E075 /* FriendsViewController */ = {
			isa = PBXGroup;
			children = (
				CF8EF77627E54EC000E4B416 /* Animator.swift */,
				CF1E92E327C2925C0019E075 /* FriendsViewController.swift */,
			);
			path = FriendsViewController;
			sourceTree = "<group>";
		};
		CF371C9727BD5A1D00A78D92 /* Cell */ = {
			isa = PBXGroup;
			children = (
				CF371C9827BD5A7600A78D92 /* CustomTableViewCell.swift */,
				CF371C9927BD5A7600A78D92 /* CustomTableViewCell.xib */,
				CF3E902A27C30E770043F310 /* GalleryCollectionViewCell.swift */,
				CF3E902B27C30E770043F310 /* GalleryCollectionViewCell.xib */,
			);
			path = Cell;
			sourceTree = "<group>";
		};
		CF371C9C27BD5C6200A78D92 /* Model */ = {
			isa = PBXGroup;
			children = (
				CF371CA127BD5D1600A78D92 /* Group.swift */,
				CF1E92E027C291890019E075 /* Friend.swift */,
			);
			path = Model;
			sourceTree = "<group>";
		};
		CF3E902727C30D7B0043F310 /* GalleryViewController */ = {
			isa = PBXGroup;
			children = (
				CF3E902827C30DC80043F310 /* GalleryViewController.swift */,
			);
			path = GalleryViewController;
			sourceTree = "<group>";
		};
		CF6874DC27D046E300F45858 /* MyPhotoController */ = {
			isa = PBXGroup;
			children = (
				CF952D3F27D0621000C49E54 /* GalleryView */,
				CF6874DF27D047E800F45858 /* MyPhotoController.swift */,
			);
			path = MyPhotoController;
			sourceTree = "<group>";
		};
		CF952D3F27D0621000C49E54 /* GalleryView */ = {
			isa = PBXGroup;
			children = (
				CF1E09C027D0643B009C5AA6 /* GalleryView.swift */,
				CF952D4727D0632900C49E54 /* GalleryView.xib */,
			);
			path = GalleryView;
			sourceTree = "<group>";
		};
		CF9CEDBE27B08DD300116E2A = {
			isa = PBXGroup;
			children = (
				CF9CEDC927B08DD300116E2A /* webinar 2 */,
				CF9CEDC827B08DD300116E2A /* Products */,
			);
			sourceTree = "<group>";
		};
		CF9CEDC827B08DD300116E2A /* Products */ = {
			isa = PBXGroup;
			children = (
				CF9CEDC727B08DD300116E2A /* webinar 2.app */,
			);
			name = Products;
			sourceTree = "<group>";
		};
		CF9CEDC927B08DD300116E2A /* webinar 2 */ = {
			isa = PBXGroup;
			children = (
				CF371C9C27BD5C6200A78D92 /* Model */,
				CF9CEDCA27B08DD300116E2A /* AppDelegate.swift */,
				CF9CEDCC27B08DD300116E2A /* SceneDelegate.swift */,
				CF1E92DE27C1B1620019E075 /* Storage.swift */,
				CF1E92DC27C1A55C0019E075 /* Constant.swift */,
				CF371C9727BD5A1D00A78D92 /* Cell */,
				CFF531AB27BD371000C17579 /* Controllers */,
				CF9CEDD027B08DD300116E2A /* Main.storyboard */,
				CF9CEDD327B08DD600116E2A /* Assets.xcassets */,
				CF9CEDD527B08DD600116E2A /* LaunchScreen.storyboard */,
				CF9CEDD827B08DD600116E2A /* Info.plist */,
			);
			path = "webinar 2";
			sourceTree = "<group>";
		};
		CFB6209327C7DA6F00EF0C3C /* LikeControl */ = {
			isa = PBXGroup;
			children = (
				CFB6208F27C7DA2F00EF0C3C /* LikeControl.swift */,
				CFB6209127C7DA4D00EF0C3C /* LikeControl.xib */,
			);
			path = LikeControl;
			sourceTree = "<group>";
		};
		CFF531AB27BD371000C17579 /* Controllers */ = {
			isa = PBXGroup;
			children = (
				CF6874DC27D046E300F45858 /* MyPhotoController */,
				CFB6209327C7DA6F00EF0C3C /* LikeControl */,
				CF3E902727C30D7B0043F310 /* GalleryViewController */,
				CF1E92E227C291FF0019E075 /* FriendsViewController */,
				CF1E92D927C1A20B0019E075 /* MyGroupsController */,
				CFF531AC27BD376800C17579 /* AllGroupsController */,
				CF9CEDCE27B08DD300116E2A /* ViewController.swift */,
			);
			path = Controllers;
			sourceTree = "<group>";
		};
		CFF531AC27BD376800C17579 /* AllGroupsController */ = {
			isa = PBXGroup;
			children = (
				CFF531AD27BD384C00C17579 /* AllGroupsController.swift */,
			);
			path = AllGroupsController;
			sourceTree = "<group>";
		};
/* End PBXGroup section */

/* Begin PBXNativeTarget section */
		CF9CEDC627B08DD300116E2A /* webinar 2 */ = {
			isa = PBXNativeTarget;
			buildConfigurationList = CF9CEDDB27B08DD600116E2A /* Build configuration list for PBXNativeTarget "webinar 2" */;
			buildPhases = (
				CF9CEDC327B08DD300116E2A /* Sources */,
				CF9CEDC427B08DD300116E2A /* Frameworks */,
				CF9CEDC527B08DD300116E2A /* Resources */,
			);
			buildRules = (
			);
			dependencies = (
			);
			name = "webinar 2";
			productName = "webinar 2";
			productReference = CF9CEDC727B08DD300116E2A /* webinar 2.app */;
			productType = "com.apple.product-type.application";
		};
/* End PBXNativeTarget section */

/* Begin PBXProject section */
		CF9CEDBF27B08DD300116E2A /* Project object */ = {
			isa = PBXProject;
			attributes = {
				BuildIndependentTargetsInParallel = 1;
				LastSwiftUpdateCheck = 1320;
				LastUpgradeCheck = 1320;
				TargetAttributes = {
					CF9CEDC627B08DD300116E2A = {
						CreatedOnToolsVersion = 13.2.1;
					};
				};
			};
			buildConfigurationList = CF9CEDC227B08DD300116E2A /* Build configuration list for PBXProject "webinar 2" */;
			compatibilityVersion = "Xcode 13.0";
			developmentRegion = en;
			hasScannedForEncodings = 0;
			knownRegions = (
				en,
				Base,
			);
			mainGroup = CF9CEDBE27B08DD300116E2A;
			productRefGroup = CF9CEDC827B08DD300116E2A /* Products */;
			projectDirPath = "";
			projectRoot = "";
			targets = (
				CF9CEDC627B08DD300116E2A /* webinar 2 */,
			);
		};
/* End PBXProject section */

/* Begin PBXResourcesBuildPhase section */
		CF9CEDC527B08DD300116E2A /* Resources */ = {
			isa = PBXResourcesBuildPhase;
			buildActionMask = 2147483647;
			files = (
				CF9CEDD727B08DD600116E2A /* LaunchScreen.storyboard in Resources */,
				CF9CEDD427B08DD600116E2A /* Assets.xcassets in Resources */,
				CF952D4827D0632900C49E54 /* GalleryView.xib in Resources */,
				CF371C9B27BD5A7600A78D92 /* CustomTableViewCell.xib in Resources */,
				CF3E902D27C30E780043F310 /* GalleryCollectionViewCell.xib in Resources */,
				CFB6209227C7DA4D00EF0C3C /* LikeControl.xib in Resources */,
				CF9CEDD227B08DD300116E2A /* Main.storyboard in Resources */,
			);
			runOnlyForDeploymentPostprocessing = 0;
		};
/* End PBXResourcesBuildPhase section */

/* Begin PBXSourcesBuildPhase section */
		CF9CEDC327B08DD300116E2A /* Sources */ = {
			isa = PBXSourcesBuildPhase;
			buildActionMask = 2147483647;
			files = (
				CF9CEDCF27B08DD300116E2A /* ViewController.swift in Sources */,
				CF371C9A27BD5A7600A78D92 /* CustomTableViewCell.swift in Sources */,
				CFB6209027C7DA2F00EF0C3C /* LikeControl.swift in Sources */,
				CFF531AE27BD384C00C17579 /* AllGroupsController.swift in Sources */,
				CF1E09C127D0643B009C5AA6 /* GalleryView.swift in Sources */,
				CF1E92DD27C1A55C0019E075 /* Constant.swift in Sources */,
				CF371CA227BD5D1600A78D92 /* Group.swift in Sources */,
				CF1E92DF27C1B1620019E075 /* Storage.swift in Sources */,
				CF1E92E427C2925C0019E075 /* FriendsViewController.swift in Sources */,
				CF6874E027D047E800F45858 /* MyPhotoController.swift in Sources */,
				CF9CEDCB27B08DD300116E2A /* AppDelegate.swift in Sources */,
				CF1E92E127C291890019E075 /* Friend.swift in Sources */,
				CF3E902927C30DC80043F310 /* GalleryViewController.swift in Sources */,
				CF8EF77727E54EC000E4B416 /* Animator.swift in Sources */,
				CF1E92DB27C1A29F0019E075 /* MyGroupsController.swift in Sources */,
				CF3E902C27C30E770043F310 /* GalleryCollectionViewCell.swift in Sources */,
				CF9CEDCD27B08DD300116E2A /* SceneDelegate.swift in Sources */,
			);
			runOnlyForDeploymentPostprocessing = 0;
		};
/* End PBXSourcesBuildPhase section */

/* Begin PBXVariantGroup section */
		CF9CEDD027B08DD300116E2A /* Main.storyboard */ = {
			isa = PBXVariantGroup;
			children = (
				CF9CEDD127B08DD300116E2A /* Base */,
			);
			name = Main.storyboard;
			sourceTree = "<group>";
		};
		CF9CEDD527B08DD600116E2A /* LaunchScreen.storyboard */ = {
			isa = PBXVariantGroup;
			children = (
				CF9CEDD627B08DD600116E2A /* Base */,
			);
			name = LaunchScreen.storyboard;
			sourceTree = "<group>";
		};
/* End PBXVariantGroup section */

/* Begin XCBuildConfiguration section */
		CF9CEDD927B08DD600116E2A /* Debug */ = {
			isa = XCBuildConfiguration;
			buildSettings = {
				ALWAYS_SEARCH_USER_PATHS = NO;
				CLANG_ANALYZER_NONNULL = YES;
				CLANG_ANALYZER_NUMBER_OBJECT_CONVERSION = YES_AGGRESSIVE;
				CLANG_CXX_LANGUAGE_STANDARD = "gnu++17";
				CLANG_CXX_LIBRARY = "libc++";
				CLANG_ENABLE_MODULES = YES;
				CLANG_ENABLE_OBJC_ARC = YES;
				CLANG_ENABLE_OBJC_WEAK = YES;
				CLANG_WARN_BLOCK_CAPTURE_AUTORELEASING = YES;
				CLANG_WARN_BOOL_CONVERSION = YES;
				CLANG_WARN_COMMA = YES;
				CLANG_WARN_CONSTANT_CONVERSION = YES;
				CLANG_WARN_DEPRECATED_OBJC_IMPLEMENTATIONS = YES;
				CLANG_WARN_DIRECT_OBJC_ISA_USAGE = YES_ERROR;
				CLANG_WARN_DOCUMENTATION_COMMENTS = YES;
				CLANG_WARN_EMPTY_BODY = YES;
				CLANG_WARN_ENUM_CONVERSION = YES;
				CLANG_WARN_INFINITE_RECURSION = YES;
				CLANG_WARN_INT_CONVERSION = YES;
				CLANG_WARN_NON_LITERAL_NULL_CONVERSION = YES;
				CLANG_WARN_OBJC_IMPLICIT_RETAIN_SELF = YES;
				CLANG_WARN_OBJC_LITERAL_CONVERSION = YES;
				CLANG_WARN_OBJC_ROOT_CLASS = YES_ERROR;
				CLANG_WARN_QUOTED_INCLUDE_IN_FRAMEWORK_HEADER = YES;
				CLANG_WARN_RANGE_LOOP_ANALYSIS = YES;
				CLANG_WARN_STRICT_PROTOTYPES = YES;
				CLANG_WARN_SUSPICIOUS_MOVE = YES;
				CLANG_WARN_UNGUARDED_AVAILABILITY = YES_AGGRESSIVE;
				CLANG_WARN_UNREACHABLE_CODE = YES;
				CLANG_WARN__DUPLICATE_METHOD_MATCH = YES;
				COPY_PHASE_STRIP = NO;
				DEBUG_INFORMATION_FORMAT = dwarf;
				ENABLE_STRICT_OBJC_MSGSEND = YES;
				ENABLE_TESTABILITY = YES;
				GCC_C_LANGUAGE_STANDARD = gnu11;
				GCC_DYNAMIC_NO_PIC = NO;
				GCC_NO_COMMON_BLOCKS = YES;
				GCC_OPTIMIZATION_LEVEL = 0;
				GCC_PREPROCESSOR_DEFINITIONS = (
					"DEBUG=1",
					"$(inherited)",
				);
				GCC_WARN_64_TO_32_BIT_CONVERSION = YES;
				GCC_WARN_ABOUT_RETURN_TYPE = YES_ERROR;
				GCC_WARN_UNDECLARED_SELECTOR = YES;
				GCC_WARN_UNINITIALIZED_AUTOS = YES_AGGRESSIVE;
				GCC_WARN_UNUSED_FUNCTION = YES;
				GCC_WARN_UNUSED_VARIABLE = YES;
				IPHONEOS_DEPLOYMENT_TARGET = 15.2;
				MTL_ENABLE_DEBUG_INFO = INCLUDE_SOURCE;
				MTL_FAST_MATH = YES;
				ONLY_ACTIVE_ARCH = YES;
				SDKROOT = iphoneos;
				SWIFT_ACTIVE_COMPILATION_CONDITIONS = DEBUG;
				SWIFT_OPTIMIZATION_LEVEL = "-Onone";
			};
			name = Debug;
		};
		CF9CEDDA27B08DD600116E2A /* Release */ = {
			isa = XCBuildConfiguration;
			buildSettings = {
				ALWAYS_SEARCH_USER_PATHS = NO;
				CLANG_ANALYZER_NONNULL = YES;
				CLANG_ANALYZER_NUMBER_OBJECT_CONVERSION = YES_AGGRESSIVE;
				CLANG_CXX_LANGUAGE_STANDARD = "gnu++17";
				CLANG_CXX_LIBRARY = "libc++";
				CLANG_ENABLE_MODULES = YES;
				CLANG_ENABLE_OBJC_ARC = YES;
				CLANG_ENABLE_OBJC_WEAK = YES;
				CLANG_WARN_BLOCK_CAPTURE_AUTORELEASING = YES;
				CLANG_WARN_BOOL_CONVERSION = YES;
				CLANG_WARN_COMMA = YES;
				CLANG_WARN_CONSTANT_CONVERSION = YES;
				CLANG_WARN_DEPRECATED_OBJC_IMPLEMENTATIONS = YES;
				CLANG_WARN_DIRECT_OBJC_ISA_USAGE = YES_ERROR;
				CLANG_WARN_DOCUMENTATION_COMMENTS = YES;
				CLANG_WARN_EMPTY_BODY = YES;
				CLANG_WARN_ENUM_CONVERSION = YES;
				CLANG_WARN_INFINITE_RECURSION = YES;
				CLANG_WARN_INT_CONVERSION = YES;
				CLANG_WARN_NON_LITERAL_NULL_CONVERSION = YES;
				CLANG_WARN_OBJC_IMPLICIT_RETAIN_SELF = YES;
				CLANG_WARN_OBJC_LITERAL_CONVERSION = YES;
				CLANG_WARN_OBJC_ROOT_CLASS = YES_ERROR;
				CLANG_WARN_QUOTED_INCLUDE_IN_FRAMEWORK_HEADER = YES;
				CLANG_WARN_RANGE_LOOP_ANALYSIS = YES;
				CLANG_WARN_STRICT_PROTOTYPES = YES;
				CLANG_WARN_SUSPICIOUS_MOVE = YES;
				CLANG_WARN_UNGUARDED_AVAILABILITY = YES_AGGRESSIVE;
				CLANG_WARN_UNREACHABLE_CODE = YES;
				CLANG_WARN__DUPLICATE_METHOD_MATCH = YES;
				COPY_PHASE_STRIP = NO;
				DEBUG_INFORMATION_FORMAT = "dwarf-with-dsym";
				ENABLE_NS_ASSERTIONS = NO;
				ENABLE_STRICT_OBJC_MSGSEND = YES;
				GCC_C_LANGUAGE_STANDARD = gnu11;
				GCC_NO_COMMON_BLOCKS = YES;
				GCC_WARN_64_TO_32_BIT_CONVERSION = YES;
				GCC_WARN_ABOUT_RETURN_TYPE = YES_ERROR;
				GCC_WARN_UNDECLARED_SELECTOR = YES;
				GCC_WARN_UNINITIALIZED_AUTOS = YES_AGGRESSIVE;
				GCC_WARN_UNUSED_FUNCTION = YES;
				GCC_WARN_UNUSED_VARIABLE = YES;
				IPHONEOS_DEPLOYMENT_TARGET = 15.2;
				MTL_ENABLE_DEBUG_INFO = NO;
				MTL_FAST_MATH = YES;
				SDKROOT = iphoneos;
				SWIFT_COMPILATION_MODE = wholemodule;
				SWIFT_OPTIMIZATION_LEVEL = "-O";
				VALIDATE_PRODUCT = YES;
			};
			name = Release;
		};
		CF9CEDDC27B08DD600116E2A /* Debug */ = {
			isa = XCBuildConfiguration;
			buildSettings = {
				ASSETCATALOG_COMPILER_APPICON_NAME = AppIcon;
				ASSETCATALOG_COMPILER_GLOBAL_ACCENT_COLOR_NAME = AccentColor;
				CODE_SIGN_STYLE = Automatic;
				CURRENT_PROJECT_VERSION = 1;
				DEVELOPMENT_TEAM = N3GBUXCZPC;
				GENERATE_INFOPLIST_FILE = YES;
				INFOPLIST_FILE = "webinar 2/Info.plist";
				INFOPLIST_KEY_UIApplicationSupportsIndirectInputEvents = YES;
				INFOPLIST_KEY_UILaunchStoryboardName = LaunchScreen;
				INFOPLIST_KEY_UIMainStoryboardFile = Main;
				INFOPLIST_KEY_UISupportedInterfaceOrientations = UIInterfaceOrientationPortrait;
				INFOPLIST_KEY_UISupportedInterfaceOrientations_iPad = "UIInterfaceOrientationPortrait UIInterfaceOrientationPortraitUpsideDown UIInterfaceOrientationLandscapeLeft UIInterfaceOrientationLandscapeRight";
				INFOPLIST_KEY_UISupportedInterfaceOrientations_iPhone = "UIInterfaceOrientationPortrait UIInterfaceOrientationLandscapeLeft UIInterfaceOrientationLandscapeRight";
				LD_RUNPATH_SEARCH_PATHS = (
					"$(inherited)",
					"@executable_path/Frameworks",
				);
				MARKETING_VERSION = 1.0;
				PRODUCT_BUNDLE_IDENTIFIER = "-.webinar-2";
				PRODUCT_NAME = "$(TARGET_NAME)";
				SWIFT_EMIT_LOC_STRINGS = YES;
				SWIFT_VERSION = 5.0;
				TARGETED_DEVICE_FAMILY = "1,2";
			};
			name = Debug;
		};
		CF9CEDDD27B08DD600116E2A /* Release */ = {
			isa = XCBuildConfiguration;
			buildSettings = {
				ASSETCATALOG_COMPILER_APPICON_NAME = AppIcon;
				ASSETCATALOG_COMPILER_GLOBAL_ACCENT_COLOR_NAME = AccentColor;
				CODE_SIGN_STYLE = Automatic;
				CURRENT_PROJECT_VERSION = 1;
				DEVELOPMENT_TEAM = N3GBUXCZPC;
				GENERATE_INFOPLIST_FILE = YES;
				INFOPLIST_FILE = "webinar 2/Info.plist";
				INFOPLIST_KEY_UIApplicationSupportsIndirectInputEvents = YES;
				INFOPLIST_KEY_UILaunchStoryboardName = LaunchScreen;
				INFOPLIST_KEY_UIMainStoryboardFile = Main;
				INFOPLIST_KEY_UISupportedInterfaceOrientations = UIInterfaceOrientationPortrait;
				INFOPLIST_KEY_UISupportedInterfaceOrientations_iPad = "UIInterfaceOrientationPortrait UIInterfaceOrientationPortraitUpsideDown UIInterfaceOrientationLandscapeLeft UIInterfaceOrientationLandscapeRight";
				INFOPLIST_KEY_UISupportedInterfaceOrientations_iPhone = "UIInterfaceOrientationPortrait UIInterfaceOrientationLandscapeLeft UIInterfaceOrientationLandscapeRight";
				LD_RUNPATH_SEARCH_PATHS = (
					"$(inherited)",
					"@executable_path/Frameworks",
				);
				MARKETING_VERSION = 1.0;
				PRODUCT_BUNDLE_IDENTIFIER = "-.webinar-2";
				PRODUCT_NAME = "$(TARGET_NAME)";
				SWIFT_EMIT_LOC_STRINGS = YES;
				SWIFT_VERSION = 5.0;
				TARGETED_DEVICE_FAMILY = "1,2";
			};
			name = Release;
		};
/* End XCBuildConfiguration section */

/* Begin XCConfigurationList section */
		CF9CEDC227B08DD300116E2A /* Build configuration list for PBXProject "webinar 2" */ = {
			isa = XCConfigurationList;
			buildConfigurations = (
				CF9CEDD927B08DD600116E2A /* Debug */,
				CF9CEDDA27B08DD600116E2A /* Release */,
			);
			defaultConfigurationIsVisible = 0;
			defaultConfigurationName = Release;
		};
		CF9CEDDB27B08DD600116E2A /* Build configuration list for PBXNativeTarget "webinar 2" */ = {
			isa = XCConfigurationList;
			buildConfigurations = (
				CF9CEDDC27B08DD600116E2A /* Debug */,
				CF9CEDDD27B08DD600116E2A /* Release */,
			);
			defaultConfigurationIsVisible = 0;
			defaultConfigurationName = Release;
		};
/* End XCConfigurationList section */
	};
	rootObject = CF9CEDBF27B08DD300116E2A /* Project object */;
}
